
Microsoft Visual Studio Solution File, Format Version 12.00
# Visual Studio Version 17
VisualStudioVersion = 17.6.33815.320
MinimumVisualStudioVersion = 10.0.40219.1
Project("{FAE04EC0-301F-11D3-BF4B-00C04F79EFBC}") = "Rare-Yellow-Tigers", "Rare-Yellow-Tigers.csproj", "{55B0661B-DE33-4A0A-8EFA-D7952827F16F}"
EndProject
Global
	GlobalSection(SolutionConfigurationPlatforms) = preSolution
		Debug|Any CPU = Debug|Any CPU
		Release|Any CPU = Release|Any CPU
	EndGlobalSection
	GlobalSection(ProjectConfigurationPlatforms) = postSolution
		{55B0661B-DE33-4A0A-8EFA-D7952827F16F}.Debug|Any CPU.ActiveCfg = Debug|Any CPU
		{55B0661B-DE33-4A0A-8EFA-D7952827F16F}.Debug|Any CPU.Build.0 = Debug|Any CPU
		{55B0661B-DE33-4A0A-8EFA-D7952827F16F}.Release|Any CPU.ActiveCfg = Release|Any CPU
		{55B0661B-DE33-4A0A-8EFA-D7952827F16F}.Release|Any CPU.Build.0 = Release|Any CPU
	EndGlobalSection
	GlobalSection(SolutionProperties) = preSolution
		HideSolutionNode = FALSE
	EndGlobalSection
	GlobalSection(ExtensibilityGlobals) = postSolution
		SolutionGuid = {D445DB37-1093-419B-A933-F2D271661A6C}
	EndGlobalSection
EndGlobal
